
Microsoft Visual Studio Solution File, Format Version 12.00
# Visual Studio Version 17
VisualStudioVersion = 17.13.35919.96
MinimumVisualStudioVersion = 10.0.40219.1
Project("{FAE04EC0-301F-11D3-BF4B-00C04F79EFBC}") = "ifcx-sdk", "ifcx-sdk\ifcx-sdk.csproj", "{034ADBE2-D459-4278-B14E-C19630E20E66}"
EndProject
Project("{FAE04EC0-301F-11D3-BF4B-00C04F79EFBC}") = "ifcx-test", "ifcx-test\ifcx-test.csproj", "{7C0900E9-24E1-4365-8645-EE8323820FF7}"
EndProject
Global
	GlobalSection(SolutionConfigurationPlatforms) = preSolution
		Debug|Any CPU = Debug|Any CPU
		Release|Any CPU = Release|Any CPU
	EndGlobalSection
	GlobalSection(ProjectConfigurationPlatforms) = postSolution
		{034ADBE2-D459-4278-B14E-C19630E20E66}.Debug|Any CPU.ActiveCfg = Debug|Any CPU
		{034ADBE2-D459-4278-B14E-C19630E20E66}.Debug|Any CPU.Build.0 = Debug|Any CPU
		{034ADBE2-D459-4278-B14E-C19630E20E66}.Release|Any CPU.ActiveCfg = Release|Any CPU
		{034ADBE2-D459-4278-B14E-C19630E20E66}.Release|Any CPU.Build.0 = Release|Any CPU
		{7C0900E9-24E1-4365-8645-EE8323820FF7}.Debug|Any CPU.ActiveCfg = Debug|Any CPU
		{7C0900E9-24E1-4365-8645-EE8323820FF7}.Debug|Any CPU.Build.0 = Debug|Any CPU
		{7C0900E9-24E1-4365-8645-EE8323820FF7}.Release|Any CPU.ActiveCfg = Release|Any CPU
		{7C0900E9-24E1-4365-8645-EE8323820FF7}.Release|Any CPU.Build.0 = Release|Any CPU
	EndGlobalSection
	GlobalSection(SolutionProperties) = preSolution
		HideSolutionNode = FALSE
	EndGlobalSection
	GlobalSection(ExtensibilityGlobals) = postSolution
		SolutionGuid = {914D298B-FE28-4B38-AE35-5C32C793F728}
	EndGlobalSection
EndGlobal
